
Microsoft Visual Studio Solution File, Format Version 12.00
# Visual Studio Version 16
VisualStudioVersion = 16.0.31205.134
MinimumVisualStudioVersion = 10.0.40219.1
Project("{FAE04EC0-301F-11D3-BF4B-00C04F79EFBC}") = "GamingGuard", "GamingGuard\GamingGuard.csproj", "{592101DB-8ADB-4425-A61E-1EE58CC23701}"
EndProject
Global
	GlobalSection(SolutionConfigurationPlatforms) = preSolution
		Debug|Any CPU = Debug|Any CPU
		Release|Any CPU = Release|Any CPU
	EndGlobalSection
	GlobalSection(ProjectConfigurationPlatforms) = postSolution
		{592101DB-8ADB-4425-A61E-1EE58CC23701}.Debug|Any CPU.ActiveCfg = Debug|Any CPU
		{592101DB-8ADB-4425-A61E-1EE58CC23701}.Debug|Any CPU.Build.0 = Debug|Any CPU
		{592101DB-8ADB-4425-A61E-1EE58CC23701}.Release|Any CPU.ActiveCfg = Release|Any CPU
		{592101DB-8ADB-4425-A61E-1EE58CC23701}.Release|Any CPU.Build.0 = Release|Any CPU
	EndGlobalSection
	GlobalSection(SolutionProperties) = preSolution
		HideSolutionNode = FALSE
	EndGlobalSection
	GlobalSection(ExtensibilityGlobals) = postSolution
		SolutionGuid = {424F4543-E2A1-4D78-93FB-D09DF2A4798E}
	EndGlobalSection
EndGlobal
